{
  "name": "DV_Hacks_Plugin",
  "version": "1.0.0",
  "lockfileVersion": 1,
  "requires": true,
  "dependencies": {
    "collapse-white-space": {
      "version": "1.0.5",
      "resolved": "https://registry.npmjs.org/collapse-white-space/-/collapse-white-space-1.0.5.tgz",
      "integrity": "sha512-703bOOmytCYAX9cXYqoikYIx6twmFCXsnzRQheBcTG3nzKYBR4P/+wkYeH+Mvj7qUz8zZDtdyzbxfnEi/kYzRQ=="
    },
    "condense-whitespace": {
      "version": "1.0.0",
      "resolved": "https://registry.npmjs.org/condense-whitespace/-/condense-whitespace-1.0.0.tgz",
      "integrity": "sha1-g3bZjvAo5sss0kaOKM5CxcZasak="
    },
    "franc": {
      "version": "3.1.1",
      "resolved": "https://registry.npmjs.org/franc/-/franc-3.1.1.tgz",
      "integrity": "sha512-AV6c8eGQRl3lxtC43ESNZZFddUsYIVmxaXQiVtuRNPy2MHeFvxZhQrvaV28t16GwxPYrwm5dAwt+PRBZRRQZpA==",
      "requires": {
        "trigram-utils": "^1.0.0"
      }
    },
    "keyword-extractor": {
      "version": "0.0.18",
      "resolved": "https://registry.npmjs.org/keyword-extractor/-/keyword-extractor-0.0.18.tgz",
      "integrity": "sha512-l7OzJBvJsO/6282WZeGaMWB55mKWMcUML1wgBbQ1QQ1DyXBjPJ494L0JyTpqg6F61F2QDFnOLEgfdb9JOAq5Tw==",
      "requires": {
        "underscore": "1.9.1",
        "underscore.string": "3.3.5"
      }
    },
    "lodash": {
      "version": "4.17.19",
      "resolved": "https://registry.npmjs.org/lodash/-/lodash-4.17.19.tgz",
      "integrity": "sha512-JNvd8XER9GQX0v2qJgsaN/mzFCNA5BRe/j8JN9d+tWyGLSodKQHKFicdwNYzWwI3wjRnaKPsGj1XkBjx/F96DQ=="
    },
    "n-gram": {
      "version": "1.1.1",
      "resolved": "https://registry.npmjs.org/n-gram/-/n-gram-1.1.1.tgz",
      "integrity": "sha512-qibRqvUghLIVsq+RTwVuwOzgOxf0l4DDZKVYAK0bMam5sG9ZzaJ6BUSJyG2Td8kTc7c/HcMUtjiN5ShobZA2bA=="
    },
    "rake-js": {
      "version": "0.1.1",
      "resolved": "https://registry.npmjs.org/rake-js/-/rake-js-0.1.1.tgz",
      "integrity": "sha1-Xam/GFAuFzlIZDyO7m3LuGvwTa4=",
      "requires": {
        "condense-whitespace": "^1.0.0",
        "franc": "^3.1.0",
        "lodash": "^4.17.4",
        "snowball": "^0.3.1"
      }
    },
    "snowball": {
      "version": "0.3.1",
      "resolved": "https://registry.npmjs.org/snowball/-/snowball-0.3.1.tgz",
      "integrity": "sha1-YnsZ+2V0EYvvBq1oENhN2+4++ZM="
    },
    "sprintf-js": {
      "version": "1.1.2",
      "resolved": "https://registry.npmjs.org/sprintf-js/-/sprintf-js-1.1.2.tgz",
      "integrity": "sha512-VE0SOVEHCk7Qc8ulkWw3ntAzXuqf7S2lvwQaDLRnUeIEaKNQJzV6BwmLKhOqT61aGhfUMrXeaBk+oDGCzvhcug=="
    },
    "trigram-utils": {
      "version": "1.0.2",
      "resolved": "https://registry.npmjs.org/trigram-utils/-/trigram-utils-1.0.2.tgz",
      "integrity": "sha512-4/DmYtegpRAyTHPpL+asfLHfTdrTZ5N0FNaixyb4L6Bx3mi+g1wgsFJNixZ9Ycsjs3+FrK4zJoWW86cdMaL8RA==",
      "requires": {
        "collapse-white-space": "^1.0.3",
        "n-gram": "^1.0.0",
        "trim": "0.0.1"
      }
    },
    "trim": {
      "version": "0.0.1",
      "resolved": "https://registry.npmjs.org/trim/-/trim-0.0.1.tgz",
      "integrity": "sha1-WFhUf2spB1fulczMZm+1AITEYN0="
    },
    "underscore": {
      "version": "1.9.1",
      "resolved": "https://registry.npmjs.org/underscore/-/underscore-1.9.1.tgz",
      "integrity": "sha512-5/4etnCkd9c8gwgowi5/om/mYO5ajCaOgdzj/oW+0eQV9WxKBDZw5+ycmKmeaTXjInS/W0BzpGLo2xR2aBwZdg=="
    },
    "underscore.string": {
      "version": "3.3.5",
      "resolved": "https://registry.npmjs.org/underscore.string/-/underscore.string-3.3.5.tgz",
      "integrity": "sha512-g+dpmgn+XBneLmXXo+sGlW5xQEt4ErkS3mgeN2GFbremYeMBSJKr9Wf2KJplQVaiPY/f7FN6atosWYNm9ovrYg==",
      "requires": {
        "sprintf-js": "^1.0.3",
        "util-deprecate": "^1.0.2"
      }
    },
    "util-deprecate": {
      "version": "1.0.2",
      "resolved": "https://registry.npmjs.org/util-deprecate/-/util-deprecate-1.0.2.tgz",
      "integrity": "sha1-RQ1Nyfpw3nMnYvvS1KKJgUGaDM8="
    }
  }
}
